
Microsoft Visual Studio Solution File, Format Version 12.00
# Visual Studio 15
VisualStudioVersion = 15.0.28307.329
MinimumVisualStudioVersion = 10.0.40219.1
Project("{FAE04EC0-301F-11D3-BF4B-00C04F79EFBC}") = "WebSP", "WebSP\WebSP.csproj", "{53114BD4-EC24-44F1-A3FF-F532AADE6BAB}"
EndProject
Global
	GlobalSection(SolutionConfigurationPlatforms) = preSolution
		Debug|Any CPU = Debug|Any CPU
		Release|Any CPU = Release|Any CPU
	EndGlobalSection
	GlobalSection(ProjectConfigurationPlatforms) = postSolution
		{53114BD4-EC24-44F1-A3FF-F532AADE6BAB}.Debug|Any CPU.ActiveCfg = Debug|Any CPU
		{53114BD4-EC24-44F1-A3FF-F532AADE6BAB}.Debug|Any CPU.Build.0 = Debug|Any CPU
		{53114BD4-EC24-44F1-A3FF-F532AADE6BAB}.Release|Any CPU.ActiveCfg = Release|Any CPU
		{53114BD4-EC24-44F1-A3FF-F532AADE6BAB}.Release|Any CPU.Build.0 = Release|Any CPU
	EndGlobalSection
	GlobalSection(SolutionProperties) = preSolution
		HideSolutionNode = FALSE
	EndGlobalSection
	GlobalSection(ExtensibilityGlobals) = postSolution
		SolutionGuid = {AE05DB4A-FE90-41FE-B97D-13DFAA29B086}
	EndGlobalSection
EndGlobal
